
Microsoft Visual Studio Solution File, Format Version 12.00
# Visual Studio Version 17
VisualStudioVersion = 17.13.35931.197
MinimumVisualStudioVersion = 10.0.40219.1
Project("{FAE04EC0-301F-11D3-BF4B-00C04F79EFBC}") = "BlazorApp2", "BlazorApp2.csproj", "{EAB3CC2B-AB69-46C2-9D76-76D5FCDBF953}"
EndProject
Global
	GlobalSection(SolutionConfigurationPlatforms) = preSolution
		Debug|Any CPU = Debug|Any CPU
		Release|Any CPU = Release|Any CPU
	EndGlobalSection
	GlobalSection(ProjectConfigurationPlatforms) = postSolution
		{EAB3CC2B-AB69-46C2-9D76-76D5FCDBF953}.Debug|Any CPU.ActiveCfg = Debug|Any CPU
		{EAB3CC2B-AB69-46C2-9D76-76D5FCDBF953}.Debug|Any CPU.Build.0 = Debug|Any CPU
		{EAB3CC2B-AB69-46C2-9D76-76D5FCDBF953}.Release|Any CPU.ActiveCfg = Release|Any CPU
		{EAB3CC2B-AB69-46C2-9D76-76D5FCDBF953}.Release|Any CPU.Build.0 = Release|Any CPU
	EndGlobalSection
	GlobalSection(SolutionProperties) = preSolution
		HideSolutionNode = FALSE
	EndGlobalSection
	GlobalSection(ExtensibilityGlobals) = postSolution
		SolutionGuid = {8A713F93-AEE3-4DC0-B67A-A378908587A5}
	EndGlobalSection
EndGlobal
